
Microsoft Visual Studio Solution File, Format Version 12.00
# Visual Studio Version 17
VisualStudioVersion = 17.14.36623.8
MinimumVisualStudioVersion = 10.0.40219.1
Project("{8BC9CEB8-8B4A-11D0-8D11-00A0C91BC942}") = "Colors.Dev", "Colors.Dev.vcxproj", "{13254337-AA3C-45BD-88FF-C2AB85D14350}"
EndProject
Project("{8BC9CEB8-8B4A-11D0-8D11-00A0C91BC942}") = "C_Console", "demos\CConsole\CConsole.vcxproj", "{CEECDBF8-AC11-4890-A06D-E579E8DCA4C2}"
EndProject
Project("{FAE04EC0-301F-11D3-BF4B-00C04F79EFBC}") = "CSharp_Console", "demos\CSharpConsole\CSharp_Console.csproj", "{212D8673-8833-4662-B6D4-692E63E04FFE}"
	ProjectSection(ProjectDependencies) = postProject
		{13254337-AA3C-45BD-88FF-C2AB85D14350} = {13254337-AA3C-45BD-88FF-C2AB85D14350}
	EndProjectSection
EndProject
Global
	GlobalSection(SolutionConfigurationPlatforms) = preSolution
		Debug|Any CPU = Debug|Any CPU
		Debug|x64 = Debug|x64
		Debug|x86 = Debug|x86
		Release|Any CPU = Release|Any CPU
		Release|x64 = Release|x64
		Release|x86 = Release|x86
	EndGlobalSection
	GlobalSection(ProjectConfigurationPlatforms) = postSolution
		{13254337-AA3C-45BD-88FF-C2AB85D14350}.Debug|Any CPU.ActiveCfg = Debug|x64
		{13254337-AA3C-45BD-88FF-C2AB85D14350}.Debug|Any CPU.Build.0 = Debug|x64
		{13254337-AA3C-45BD-88FF-C2AB85D14350}.Debug|x64.ActiveCfg = Debug|x64
		{13254337-AA3C-45BD-88FF-C2AB85D14350}.Debug|x64.Build.0 = Debug|x64
		{13254337-AA3C-45BD-88FF-C2AB85D14350}.Debug|x86.ActiveCfg = Debug|Win32
		{13254337-AA3C-45BD-88FF-C2AB85D14350}.Debug|x86.Build.0 = Debug|Win32
		{13254337-AA3C-45BD-88FF-C2AB85D14350}.Release|Any CPU.ActiveCfg = Release|x64
		{13254337-AA3C-45BD-88FF-C2AB85D14350}.Release|Any CPU.Build.0 = Release|x64
		{13254337-AA3C-45BD-88FF-C2AB85D14350}.Release|x64.ActiveCfg = Release|x64
		{13254337-AA3C-45BD-88FF-C2AB85D14350}.Release|x64.Build.0 = Release|x64
		{13254337-AA3C-45BD-88FF-C2AB85D14350}.Release|x86.ActiveCfg = Release|Win32
		{13254337-AA3C-45BD-88FF-C2AB85D14350}.Release|x86.Build.0 = Release|Win32
		{CEECDBF8-AC11-4890-A06D-E579E8DCA4C2}.Debug|Any CPU.ActiveCfg = Debug|x64
		{CEECDBF8-AC11-4890-A06D-E579E8DCA4C2}.Debug|Any CPU.Build.0 = Debug|x64
		{CEECDBF8-AC11-4890-A06D-E579E8DCA4C2}.Debug|x64.ActiveCfg = Debug|x64
		{CEECDBF8-AC11-4890-A06D-E579E8DCA4C2}.Debug|x64.Build.0 = Debug|x64
		{CEECDBF8-AC11-4890-A06D-E579E8DCA4C2}.Debug|x86.ActiveCfg = Debug|Win32
		{CEECDBF8-AC11-4890-A06D-E579E8DCA4C2}.Debug|x86.Build.0 = Debug|Win32
		{CEECDBF8-AC11-4890-A06D-E579E8DCA4C2}.Release|Any CPU.ActiveCfg = Release|x64
		{CEECDBF8-AC11-4890-A06D-E579E8DCA4C2}.Release|Any CPU.Build.0 = Release|x64
		{CEECDBF8-AC11-4890-A06D-E579E8DCA4C2}.Release|x64.ActiveCfg = Release|x64
		{CEECDBF8-AC11-4890-A06D-E579E8DCA4C2}.Release|x64.Build.0 = Release|x64
		{CEECDBF8-AC11-4890-A06D-E579E8DCA4C2}.Release|x86.ActiveCfg = Release|Win32
		{CEECDBF8-AC11-4890-A06D-E579E8DCA4C2}.Release|x86.Build.0 = Release|Win32
		{212D8673-8833-4662-B6D4-692E63E04FFE}.Debug|Any CPU.ActiveCfg = Debug|Any CPU
		{212D8673-8833-4662-B6D4-692E63E04FFE}.Debug|Any CPU.Build.0 = Debug|Any CPU
		{212D8673-8833-4662-B6D4-692E63E04FFE}.Debug|x64.ActiveCfg = Debug|x64
		{212D8673-8833-4662-B6D4-692E63E04FFE}.Debug|x64.Build.0 = Debug|x64
		{212D8673-8833-4662-B6D4-692E63E04FFE}.Debug|x86.ActiveCfg = Debug|Any CPU
		{212D8673-8833-4662-B6D4-692E63E04FFE}.Debug|x86.Build.0 = Debug|Any CPU
		{212D8673-8833-4662-B6D4-692E63E04FFE}.Release|Any CPU.ActiveCfg = Release|Any CPU
		{212D8673-8833-4662-B6D4-692E63E04FFE}.Release|Any CPU.Build.0 = Release|Any CPU
		{212D8673-8833-4662-B6D4-692E63E04FFE}.Release|x64.ActiveCfg = Release|x64
		{212D8673-8833-4662-B6D4-692E63E04FFE}.Release|x64.Build.0 = Release|x64
		{212D8673-8833-4662-B6D4-692E63E04FFE}.Release|x86.ActiveCfg = Release|Any CPU
		{212D8673-8833-4662-B6D4-692E63E04FFE}.Release|x86.Build.0 = Release|Any CPU
	EndGlobalSection
	GlobalSection(SolutionProperties) = preSolution
		HideSolutionNode = FALSE
	EndGlobalSection
	GlobalSection(ExtensibilityGlobals) = postSolution
		SolutionGuid = {9F79C4C5-05F5-40D5-BE1F-21C0376EE87A}
	EndGlobalSection
EndGlobal
